github.com/ctyun-ebs/ctyun-ebs-go-sdk/ctyun-ebs-go-sdk/core v0.0.0-20250627141048-eefa0c535fd1 h1:vmANC0ccUFoGFFq6htUAHDU5ONa4AI5Bs7+t0jcxgj0=
github.com/ctyun-ebs/ctyun-ebs-go-sdk/ctyun-ebs-go-sdk/core v0.0.0-20250627141048-eefa0c535fd1/go.mod h1:Lpr1KX/GGJSch+MO8iD3cFCJikZFMVcRAan3FriQFFI=
github.com/google/uuid v1.6.0 h1:NIvaJDMOsjHA8n1jAhLSgzrAzy1Hgr+hNrb57e+94F0=
github.com/google/uuid v1.6.0/go.mod h1:TIyPZe4MgqvfeYDBFedMoGGpEw/LqOeaOT+nhxU+yHo=
