github.com/ctyun-ebs/ctyun-ebs-go-sdk/ctyun-ebsbackup-go-sdk/core v1.0.0 h1:b6Fa7MJcI58rK7EfG+HoRSub4n0+lAg8VfMN4TUPi4I=
github.com/ctyun-ebs/ctyun-ebs-go-sdk/ctyun-ebsbackup-go-sdk/core v1.0.0/go.mod h1:R30WZlPCB/iIcUqJEzHEEN3Wf1Pr6AK+ZLY8dV4SdRk=
github.com/google/uuid v1.6.0 h1:NIvaJDMOsjHA8n1jAhLSgzrAzy1Hgr+hNrb57e+94F0=
github.com/google/uuid v1.6.0/go.mod h1:TIyPZe4MgqvfeYDBFedMoGGpEw/LqOeaOT+nhxU+yHo=
